{
  "lockfile-version": 1,
  "manifest": {
    "version": 1,
    "install": {
      "curl": {
        "pkg-path": "curl"
      }
    },
    "vars": {
      "A": "1"
    },
    "hook": {
      "on-activate": "echo Run initialization\n"
    },
    "profile": {
      "common": "alias l=\"ls -alh\"\n"
    },
    "options": {},
    "build": {
      "eck": {
        "command": "mkdir -p $out/bin\ncat > $out/bin/eck <<'EOF'\n#!/usr/bin/env bash\necho \"$@\"\necho RANDOM TOOL USED BY THE OPS FOLKS\ncurl --version\nEOF\nchmod +x $out/bin/eck\n",
        "version": "0.0.1",
        "description": "will echo things"
      }
    }
  },
  "packages": [
    {
      "attr_path": "curl",
      "broken": false,
      "derivation": "/nix/store/1lhp10v70mj2ph77pvs31d7xlpxgc361-curl-8.12.1.drv",
      "description": "Command line tool for transferring files with URL syntax",
      "install_id": "curl",
      "license": "curl",
      "locked_url": "https://github.com/flox/nixpkgs?rev=2c8d3f48d33929642c1c12cd243df4cc7d2ce434",
      "name": "curl-8.12.1",
      "pname": "curl",
      "rev": "2c8d3f48d33929642c1c12cd243df4cc7d2ce434",
      "rev_count": 778048,
      "rev_date": "2025-04-02T08:40:04Z",
      "scrape_date": "2025-04-03T01:11:02.920859Z",
      "stabilities": [
        "unstable"
      ],
      "unfree": false,
      "version": "8.12.1",
      "outputs_to_install": [
        "bin",
        "man"
      ],
      "outputs": {
        "bin": "/nix/store/86fqlv3ivlg7wxqg2zyxdaba79f964xc-curl-8.12.1-bin",
        "dev": "/nix/store/3gaqczbhg021cyxbdipa072bmwxn5rii-curl-8.12.1-dev",
        "devdoc": "/nix/store/6ln0174ccp76y126pjypqmh3i2wakyv3-curl-8.12.1-devdoc",
        "man": "/nix/store/pbbm6l8x61w0n0v1f0q5k8fbl3wrwdhx-curl-8.12.1-man",
        "out": "/nix/store/qgag9flqkdc2pplvcvzbrbicy66yh3fn-curl-8.12.1"
      },
      "system": "aarch64-darwin",
      "group": "toplevel",
      "priority": 5
    },
    {
      "attr_path": "curl",
      "broken": false,
      "derivation": "/nix/store/g8l0vbzmxrr6qw44wgqllb4mw5sl8g5s-curl-8.12.1.drv",
      "description": "Command line tool for transferring files with URL syntax",
      "install_id": "curl",
      "license": "curl",
      "locked_url": "https://github.com/flox/nixpkgs?rev=2c8d3f48d33929642c1c12cd243df4cc7d2ce434",
      "name": "curl-8.12.1",
      "pname": "curl",
      "rev": "2c8d3f48d33929642c1c12cd243df4cc7d2ce434",
      "rev_count": 778048,
      "rev_date": "2025-04-02T08:40:04Z",
      "scrape_date": "2025-04-03T01:28:46.260408Z",
      "stabilities": [
        "unstable"
      ],
      "unfree": false,
      "version": "8.12.1",
      "outputs_to_install": [
        "bin",
        "man"
      ],
      "outputs": {
        "bin": "/nix/store/z7wva8na2xihw715flhf7qzxmzajh2ka-curl-8.12.1-bin",
        "debug": "/nix/store/775cbq71iyyscma2vvhwxjlpzx8fqqh9-curl-8.12.1-debug",
        "dev": "/nix/store/vgq4wjxqc1pg31i2hamypdj3zh1kjx74-curl-8.12.1-dev",
        "devdoc": "/nix/store/xynp72zh6y0d2xxisir41fd212hcz596-curl-8.12.1-devdoc",
        "man": "/nix/store/80njhwgrrzkzhi3mmbzy14vnq837m3zv-curl-8.12.1-man",
        "out": "/nix/store/g7hzmaxs3iyinjzx6rzci1wcrn0h0dhk-curl-8.12.1"
      },
      "system": "aarch64-linux",
      "group": "toplevel",
      "priority": 5
    },
    {
      "attr_path": "curl",
      "broken": false,
      "derivation": "/nix/store/3s3ckp7zjs4lr8lm98w4b6rvpy9zgqfm-curl-8.12.1.drv",
      "description": "Command line tool for transferring files with URL syntax",
      "install_id": "curl",
      "license": "curl",
      "locked_url": "https://github.com/flox/nixpkgs?rev=2c8d3f48d33929642c1c12cd243df4cc7d2ce434",
      "name": "curl-8.12.1",
      "pname": "curl",
      "rev": "2c8d3f48d33929642c1c12cd243df4cc7d2ce434",
      "rev_count": 778048,
      "rev_date": "2025-04-02T08:40:04Z",
      "scrape_date": "2025-04-03T01:44:59.632067Z",
      "stabilities": [
        "unstable"
      ],
      "unfree": false,
      "version": "8.12.1",
      "outputs_to_install": [
        "bin",
        "man"
      ],
      "outputs": {
        "bin": "/nix/store/p0x9dx56vyii50cwbv03wjkhwivpyg4b-curl-8.12.1-bin",
        "dev": "/nix/store/an8c76pbcv3sdli8cvg8sff8qnclh9rz-curl-8.12.1-dev",
        "devdoc": "/nix/store/kmwq1w6yjmb19glyqk3q6czn4kbg0xag-curl-8.12.1-devdoc",
        "man": "/nix/store/rac3x8bmq64rbm4msd83652vcby7ibav-curl-8.12.1-man",
        "out": "/nix/store/bi6qs79brnykvz8lc7kmjbmzxv3cjn1q-curl-8.12.1"
      },
      "system": "x86_64-darwin",
      "group": "toplevel",
      "priority": 5
    },
    {
      "attr_path": "curl",
      "broken": false,
      "derivation": "/nix/store/rlj4bd2wpskzaw28ciy9hzp7x5njl1mg-curl-8.12.1.drv",
      "description": "Command line tool for transferring files with URL syntax",
      "install_id": "curl",
      "license": "curl",
      "locked_url": "https://github.com/flox/nixpkgs?rev=2c8d3f48d33929642c1c12cd243df4cc7d2ce434",
      "name": "curl-8.12.1",
      "pname": "curl",
      "rev": "2c8d3f48d33929642c1c12cd243df4cc7d2ce434",
      "rev_count": 778048,
      "rev_date": "2025-04-02T08:40:04Z",
      "scrape_date": "2025-04-03T02:04:24.184506Z",
      "stabilities": [
        "unstable"
      ],
      "unfree": false,
      "version": "8.12.1",
      "outputs_to_install": [
        "bin",
        "man"
      ],
      "outputs": {
        "bin": "/nix/store/k27z9fx6v0msbsl2p54sx4sx0r8247m6-curl-8.12.1-bin",
        "debug": "/nix/store/w6wlkf6s83lnw87jvqgczqj2674ilx4a-curl-8.12.1-debug",
        "dev": "/nix/store/cn83nc0n8gkl0bi3spykczd3j44qkbq2-curl-8.12.1-dev",
        "devdoc": "/nix/store/ynv5wahwnghzk8v4zfbk8rmdn96cx4cf-curl-8.12.1-devdoc",
        "man": "/nix/store/03skkhbdzmivfr8c99rqbb9s5clfi0sy-curl-8.12.1-man",
        "out": "/nix/store/l6hzv5ms9fi7mx2j3xh0i42anyjcgpp8-curl-8.12.1"
      },
      "system": "x86_64-linux",
      "group": "toplevel",
      "priority": 5
    }
  ]
}